
Microsoft Visual Studio Solution File, Format Version 12.00
# Visual Studio Version 17
VisualStudioVersion = 17.14.36429.23 d17.14
MinimumVisualStudioVersion = 10.0.40219.1
Project("{8BC9CEB8-8B4A-11D0-8D11-00A0C91BC942}") = "Exercise 5", "Exercise 5\Exercise 5.vcxproj", "{845498A8-0D10-40EC-B6CA-F5F56C5A0BB3}"
EndProject
Global
	GlobalSection(SolutionConfigurationPlatforms) = preSolution
		Debug|x64 = Debug|x64
		Debug|x86 = Debug|x86
		Release|x64 = Release|x64
		Release|x86 = Release|x86
	EndGlobalSection
	GlobalSection(ProjectConfigurationPlatforms) = postSolution
		{845498A8-0D10-40EC-B6CA-F5F56C5A0BB3}.Debug|x64.ActiveCfg = Debug|x64
		{845498A8-0D10-40EC-B6CA-F5F56C5A0BB3}.Debug|x64.Build.0 = Debug|x64
		{845498A8-0D10-40EC-B6CA-F5F56C5A0BB3}.Debug|x86.ActiveCfg = Debug|Win32
		{845498A8-0D10-40EC-B6CA-F5F56C5A0BB3}.Debug|x86.Build.0 = Debug|Win32
		{845498A8-0D10-40EC-B6CA-F5F56C5A0BB3}.Release|x64.ActiveCfg = Release|x64
		{845498A8-0D10-40EC-B6CA-F5F56C5A0BB3}.Release|x64.Build.0 = Release|x64
		{845498A8-0D10-40EC-B6CA-F5F56C5A0BB3}.Release|x86.ActiveCfg = Release|Win32
		{845498A8-0D10-40EC-B6CA-F5F56C5A0BB3}.Release|x86.Build.0 = Release|Win32
	EndGlobalSection
	GlobalSection(SolutionProperties) = preSolution
		HideSolutionNode = FALSE
	EndGlobalSection
	GlobalSection(ExtensibilityGlobals) = postSolution
		SolutionGuid = {FC6FE1A9-2D62-4B59-A556-9051862A2089}
	EndGlobalSection
EndGlobal
